
Microsoft Visual Studio Solution File, Format Version 12.00
# Visual Studio Version 17
VisualStudioVersion = 17.5.002.0
MinimumVisualStudioVersion = 10.0.40219.1
Project("{9A19103F-16F7-4668-BE54-9A1E7A4F7556}") = "c19", "c19.csproj", "{AF9615EA-73EF-470C-8011-CAABE99E5E1A}"
EndProject
Global
	GlobalSection(SolutionConfigurationPlatforms) = preSolution
		Debug|Any CPU = Debug|Any CPU
		Release|Any CPU = Release|Any CPU
	EndGlobalSection
	GlobalSection(ProjectConfigurationPlatforms) = postSolution
		{AF9615EA-73EF-470C-8011-CAABE99E5E1A}.Debug|Any CPU.ActiveCfg = Debug|Any CPU
		{AF9615EA-73EF-470C-8011-CAABE99E5E1A}.Debug|Any CPU.Build.0 = Debug|Any CPU
		{AF9615EA-73EF-470C-8011-CAABE99E5E1A}.Release|Any CPU.ActiveCfg = Release|Any CPU
		{AF9615EA-73EF-470C-8011-CAABE99E5E1A}.Release|Any CPU.Build.0 = Release|Any CPU
	EndGlobalSection
	GlobalSection(SolutionProperties) = preSolution
		HideSolutionNode = FALSE
	EndGlobalSection
	GlobalSection(ExtensibilityGlobals) = postSolution
		SolutionGuid = {345363BE-2A0D-4236-9D0B-46E9016AE38F}
	EndGlobalSection
EndGlobal
