
Microsoft Visual Studio Solution File, Format Version 12.00
# Visual Studio Version 17
VisualStudioVersion = 17.5.002.0
MinimumVisualStudioVersion = 10.0.40219.1
Project("{9A19103F-16F7-4668-BE54-9A1E7A4F7556}") = "c17", "c17.csproj", "{AEA92C20-1EB8-4E31-8071-F918890BBC4D}"
EndProject
Global
	GlobalSection(SolutionConfigurationPlatforms) = preSolution
		Debug|Any CPU = Debug|Any CPU
		Release|Any CPU = Release|Any CPU
	EndGlobalSection
	GlobalSection(ProjectConfigurationPlatforms) = postSolution
		{AEA92C20-1EB8-4E31-8071-F918890BBC4D}.Debug|Any CPU.ActiveCfg = Debug|Any CPU
		{AEA92C20-1EB8-4E31-8071-F918890BBC4D}.Debug|Any CPU.Build.0 = Debug|Any CPU
		{AEA92C20-1EB8-4E31-8071-F918890BBC4D}.Release|Any CPU.ActiveCfg = Release|Any CPU
		{AEA92C20-1EB8-4E31-8071-F918890BBC4D}.Release|Any CPU.Build.0 = Release|Any CPU
	EndGlobalSection
	GlobalSection(SolutionProperties) = preSolution
		HideSolutionNode = FALSE
	EndGlobalSection
	GlobalSection(ExtensibilityGlobals) = postSolution
		SolutionGuid = {3C4AC1E0-4CE1-4B32-89B7-3CE86EE634DF}
	EndGlobalSection
EndGlobal
