
Microsoft Visual Studio Solution File, Format Version 12.00
# Visual Studio Version 17
VisualStudioVersion = 17.5.002.0
MinimumVisualStudioVersion = 10.0.40219.1
Project("{9A19103F-16F7-4668-BE54-9A1E7A4F7556}") = "s7", "s7.csproj", "{40F79CD6-7A07-421E-AAD9-C3AA2E9F6DBE}"
EndProject
Global
	GlobalSection(SolutionConfigurationPlatforms) = preSolution
		Debug|Any CPU = Debug|Any CPU
		Release|Any CPU = Release|Any CPU
	EndGlobalSection
	GlobalSection(ProjectConfigurationPlatforms) = postSolution
		{40F79CD6-7A07-421E-AAD9-C3AA2E9F6DBE}.Debug|Any CPU.ActiveCfg = Debug|Any CPU
		{40F79CD6-7A07-421E-AAD9-C3AA2E9F6DBE}.Debug|Any CPU.Build.0 = Debug|Any CPU
		{40F79CD6-7A07-421E-AAD9-C3AA2E9F6DBE}.Release|Any CPU.ActiveCfg = Release|Any CPU
		{40F79CD6-7A07-421E-AAD9-C3AA2E9F6DBE}.Release|Any CPU.Build.0 = Release|Any CPU
	EndGlobalSection
	GlobalSection(SolutionProperties) = preSolution
		HideSolutionNode = FALSE
	EndGlobalSection
	GlobalSection(ExtensibilityGlobals) = postSolution
		SolutionGuid = {7C880219-B685-4349-8975-ED4D9A8BE319}
	EndGlobalSection
EndGlobal
