
Microsoft Visual Studio Solution File, Format Version 12.00
# Visual Studio Version 17
VisualStudioVersion = 17.5.002.0
MinimumVisualStudioVersion = 10.0.40219.1
Project("{9A19103F-16F7-4668-BE54-9A1E7A4F7556}") = "tablaz2", "tablaz2.csproj", "{66135FB2-2660-400C-852E-2CBDBCB0932A}"
EndProject
Global
	GlobalSection(SolutionConfigurationPlatforms) = preSolution
		Debug|Any CPU = Debug|Any CPU
		Release|Any CPU = Release|Any CPU
	EndGlobalSection
	GlobalSection(ProjectConfigurationPlatforms) = postSolution
		{66135FB2-2660-400C-852E-2CBDBCB0932A}.Debug|Any CPU.ActiveCfg = Debug|Any CPU
		{66135FB2-2660-400C-852E-2CBDBCB0932A}.Debug|Any CPU.Build.0 = Debug|Any CPU
		{66135FB2-2660-400C-852E-2CBDBCB0932A}.Release|Any CPU.ActiveCfg = Release|Any CPU
		{66135FB2-2660-400C-852E-2CBDBCB0932A}.Release|Any CPU.Build.0 = Release|Any CPU
	EndGlobalSection
	GlobalSection(SolutionProperties) = preSolution
		HideSolutionNode = FALSE
	EndGlobalSection
	GlobalSection(ExtensibilityGlobals) = postSolution
		SolutionGuid = {C8F61100-80DC-4DBF-83C2-B9F5C0BF03C7}
	EndGlobalSection
EndGlobal
