
Microsoft Visual Studio Solution File, Format Version 12.00
# Visual Studio Version 17
VisualStudioVersion = 17.5.002.0
MinimumVisualStudioVersion = 10.0.40219.1
Project("{9A19103F-16F7-4668-BE54-9A1E7A4F7556}") = "c16", "c16.csproj", "{838AA7C9-B64B-4A11-B129-2DBD075E3238}"
EndProject
Global
	GlobalSection(SolutionConfigurationPlatforms) = preSolution
		Debug|Any CPU = Debug|Any CPU
		Release|Any CPU = Release|Any CPU
	EndGlobalSection
	GlobalSection(ProjectConfigurationPlatforms) = postSolution
		{838AA7C9-B64B-4A11-B129-2DBD075E3238}.Debug|Any CPU.ActiveCfg = Debug|Any CPU
		{838AA7C9-B64B-4A11-B129-2DBD075E3238}.Debug|Any CPU.Build.0 = Debug|Any CPU
		{838AA7C9-B64B-4A11-B129-2DBD075E3238}.Release|Any CPU.ActiveCfg = Release|Any CPU
		{838AA7C9-B64B-4A11-B129-2DBD075E3238}.Release|Any CPU.Build.0 = Release|Any CPU
	EndGlobalSection
	GlobalSection(SolutionProperties) = preSolution
		HideSolutionNode = FALSE
	EndGlobalSection
	GlobalSection(ExtensibilityGlobals) = postSolution
		SolutionGuid = {4856E459-EEB1-4C38-9439-619DD60BBCE8}
	EndGlobalSection
EndGlobal
